
Microsoft Visual Studio Solution File, Format Version 12.00
# Visual Studio Version 17
VisualStudioVersion = 17.0.31903.59
MinimumVisualStudioVersion = 10.0.40219.1
Project("{2150E333-8FDC-42A3-9474-1A3956D46DE8}") = "src", "src", "{827E0CD3-B72D-47B6-A68D-7590B98EB39B}"
EndProject
Project("{FAE04EC0-301F-11D3-BF4B-00C04F79EFBC}") = "Evydencia.PhotoSelector.Core", "src\Evydencia.PhotoSelector.Core\Evydencia.PhotoSelector.Core.csproj", "{56B86F7E-AEA4-4F33-8E79-014510A0CEF6}"
EndProject
Project("{FAE04EC0-301F-11D3-BF4B-00C04F79EFBC}") = "Evydencia.PhotoSelector.Application", "src\Evydencia.PhotoSelector.Application\Evydencia.PhotoSelector.Application.csproj", "{E4A29B9B-38D0-480C-8440-54A1C6830ACF}"
EndProject
Project("{FAE04EC0-301F-11D3-BF4B-00C04F79EFBC}") = "Evydencia.PhotoSelector.Contracts", "src\Evydencia.PhotoSelector.Contracts\Evydencia.PhotoSelector.Contracts.csproj", "{0397358C-822A-4CE0-A460-D8AA86BB841C}"
EndProject
Project("{FAE04EC0-301F-11D3-BF4B-00C04F79EFBC}") = "Evydencia.PhotoSelector.Imaging", "src\Evydencia.PhotoSelector.Imaging\Evydencia.PhotoSelector.Imaging.csproj", "{7CDF7CB7-E3A0-40BF-8771-CCD69051B507}"
EndProject
Project("{FAE04EC0-301F-11D3-BF4B-00C04F79EFBC}") = "Evydencia.PhotoSelector.Storage", "src\Evydencia.PhotoSelector.Storage\Evydencia.PhotoSelector.Storage.csproj", "{F3721B77-41F9-4F42-B914-53BF4EB8A3B9}"
EndProject
Project("{FAE04EC0-301F-11D3-BF4B-00C04F79EFBC}") = "Evydencia.PhotoSelector.Infrastructure", "src\Evydencia.PhotoSelector.Infrastructure\Evydencia.PhotoSelector.Infrastructure.csproj", "{AEFB7248-681E-47B2-822B-2CB4D360AF77}"
EndProject
Project("{FAE04EC0-301F-11D3-BF4B-00C04F79EFBC}") = "Evydencia.PhotoSelector.Launcher", "src\Evydencia.PhotoSelector.Launcher\Evydencia.PhotoSelector.Launcher.csproj", "{233BFE6C-3CE9-47BF-AD8F-C44770CD0995}"
EndProject
Project("{FAE04EC0-301F-11D3-BF4B-00C04F79EFBC}") = "Evydencia.PhotoSelector.App", "src\Evydencia.PhotoSelector.App\Evydencia.PhotoSelector.App.csproj", "{F183EBC6-3D4C-4E75-9CBF-3BA460053E36}"
EndProject
Project("{2150E333-8FDC-42A3-9474-1A3956D46DE8}") = "tests", "tests", "{0AB3BF05-4346-4AA6-1389-037BE0695223}"
EndProject
Project("{FAE04EC0-301F-11D3-BF4B-00C04F79EFBC}") = "Evydencia.PhotoSelector.Core.Tests", "tests\Evydencia.PhotoSelector.Core.Tests\Evydencia.PhotoSelector.Core.Tests.csproj", "{61E17566-DC91-406A-9F67-5C6A6B8AF5BB}"
EndProject
Project("{FAE04EC0-301F-11D3-BF4B-00C04F79EFBC}") = "Evydencia.PhotoSelector.Application.Tests", "tests\Evydencia.PhotoSelector.Application.Tests\Evydencia.PhotoSelector.Application.Tests.csproj", "{4C5D5508-B80B-48E6-A54C-DEEC0C2CD356}"
EndProject
Project("{FAE04EC0-301F-11D3-BF4B-00C04F79EFBC}") = "Evydencia.PhotoSelector.Imaging.Tests", "tests\Evydencia.PhotoSelector.Imaging.Tests\Evydencia.PhotoSelector.Imaging.Tests.csproj", "{0A600382-6F2C-4E57-ACFE-D4194E916789}"
EndProject
Project("{FAE04EC0-301F-11D3-BF4B-00C04F79EFBC}") = "Evydencia.PhotoSelector.Storage.Tests", "tests\Evydencia.PhotoSelector.Storage.Tests\Evydencia.PhotoSelector.Storage.Tests.csproj", "{2CD86E98-838D-4341-ACCF-EDA2258509FE}"
EndProject
Project("{FAE04EC0-301F-11D3-BF4B-00C04F79EFBC}") = "Evydencia.PhotoSelector.IntegrationTests", "tests\Evydencia.PhotoSelector.IntegrationTests\Evydencia.PhotoSelector.IntegrationTests.csproj", "{C2883B48-FAE1-4884-96E8-A76E1D8EB461}"
EndProject
Project("{FAE04EC0-301F-11D3-BF4B-00C04F79EFBC}") = "Evydencia.PhotoSelector.UiSmokeTests", "tests\Evydencia.PhotoSelector.UiSmokeTests\Evydencia.PhotoSelector.UiSmokeTests.csproj", "{19E4E316-8594-4B16-982B-DE8ECFB77175}"
EndProject
Project("{2150E333-8FDC-42A3-9474-1A3956D46DE8}") = "benchmarks", "benchmarks", "{66320409-64EC-F7C5-3DEF-65E7510DAAD1}"
EndProject
Project("{FAE04EC0-301F-11D3-BF4B-00C04F79EFBC}") = "Evydencia.PhotoSelector.Benchmarks", "benchmarks\Evydencia.PhotoSelector.Benchmarks\Evydencia.PhotoSelector.Benchmarks.csproj", "{741D3ACF-0349-4D8E-8073-4B72D0361E44}"
EndProject
Project("{FAE04EC0-301F-11D3-BF4B-00C04F79EFBC}") = "Evydencia.PhotoSelector.Launcher.Tests", "tests\Evydencia.PhotoSelector.Launcher.Tests\Evydencia.PhotoSelector.Launcher.Tests.csproj", "{B5CC127F-3C6C-4BB2-A72F-66A78D8A0AF5}"
EndProject
Global
	GlobalSection(SolutionConfigurationPlatforms) = preSolution
		Debug|Any CPU = Debug|Any CPU
		Debug|x64 = Debug|x64
		Debug|x86 = Debug|x86
		Release|Any CPU = Release|Any CPU
		Release|x64 = Release|x64
		Release|x86 = Release|x86
	EndGlobalSection
	GlobalSection(ProjectConfigurationPlatforms) = postSolution
		{56B86F7E-AEA4-4F33-8E79-014510A0CEF6}.Debug|Any CPU.ActiveCfg = Debug|Any CPU
		{56B86F7E-AEA4-4F33-8E79-014510A0CEF6}.Debug|Any CPU.Build.0 = Debug|Any CPU
		{56B86F7E-AEA4-4F33-8E79-014510A0CEF6}.Debug|x64.ActiveCfg = Debug|Any CPU
		{56B86F7E-AEA4-4F33-8E79-014510A0CEF6}.Debug|x64.Build.0 = Debug|Any CPU
		{56B86F7E-AEA4-4F33-8E79-014510A0CEF6}.Debug|x86.ActiveCfg = Debug|Any CPU
		{56B86F7E-AEA4-4F33-8E79-014510A0CEF6}.Debug|x86.Build.0 = Debug|Any CPU
		{56B86F7E-AEA4-4F33-8E79-014510A0CEF6}.Release|Any CPU.ActiveCfg = Release|Any CPU
		{56B86F7E-AEA4-4F33-8E79-014510A0CEF6}.Release|Any CPU.Build.0 = Release|Any CPU
		{56B86F7E-AEA4-4F33-8E79-014510A0CEF6}.Release|x64.ActiveCfg = Release|Any CPU
		{56B86F7E-AEA4-4F33-8E79-014510A0CEF6}.Release|x64.Build.0 = Release|Any CPU
		{56B86F7E-AEA4-4F33-8E79-014510A0CEF6}.Release|x86.ActiveCfg = Release|Any CPU
		{56B86F7E-AEA4-4F33-8E79-014510A0CEF6}.Release|x86.Build.0 = Release|Any CPU
		{E4A29B9B-38D0-480C-8440-54A1C6830ACF}.Debug|Any CPU.ActiveCfg = Debug|Any CPU
		{E4A29B9B-38D0-480C-8440-54A1C6830ACF}.Debug|Any CPU.Build.0 = Debug|Any CPU
		{E4A29B9B-38D0-480C-8440-54A1C6830ACF}.Debug|x64.ActiveCfg = Debug|Any CPU
		{E4A29B9B-38D0-480C-8440-54A1C6830ACF}.Debug|x64.Build.0 = Debug|Any CPU
		{E4A29B9B-38D0-480C-8440-54A1C6830ACF}.Debug|x86.ActiveCfg = Debug|Any CPU
		{E4A29B9B-38D0-480C-8440-54A1C6830ACF}.Debug|x86.Build.0 = Debug|Any CPU
		{E4A29B9B-38D0-480C-8440-54A1C6830ACF}.Release|Any CPU.ActiveCfg = Release|Any CPU
		{E4A29B9B-38D0-480C-8440-54A1C6830ACF}.Release|Any CPU.Build.0 = Release|Any CPU
		{E4A29B9B-38D0-480C-8440-54A1C6830ACF}.Release|x64.ActiveCfg = Release|Any CPU
		{E4A29B9B-38D0-480C-8440-54A1C6830ACF}.Release|x64.Build.0 = Release|Any CPU
		{E4A29B9B-38D0-480C-8440-54A1C6830ACF}.Release|x86.ActiveCfg = Release|Any CPU
		{E4A29B9B-38D0-480C-8440-54A1C6830ACF}.Release|x86.Build.0 = Release|Any CPU
		{0397358C-822A-4CE0-A460-D8AA86BB841C}.Debug|Any CPU.ActiveCfg = Debug|Any CPU
		{0397358C-822A-4CE0-A460-D8AA86BB841C}.Debug|Any CPU.Build.0 = Debug|Any CPU
		{0397358C-822A-4CE0-A460-D8AA86BB841C}.Debug|x64.ActiveCfg = Debug|Any CPU
		{0397358C-822A-4CE0-A460-D8AA86BB841C}.Debug|x64.Build.0 = Debug|Any CPU
		{0397358C-822A-4CE0-A460-D8AA86BB841C}.Debug|x86.ActiveCfg = Debug|Any CPU
		{0397358C-822A-4CE0-A460-D8AA86BB841C}.Debug|x86.Build.0 = Debug|Any CPU
		{0397358C-822A-4CE0-A460-D8AA86BB841C}.Release|Any CPU.ActiveCfg = Release|Any CPU
		{0397358C-822A-4CE0-A460-D8AA86BB841C}.Release|Any CPU.Build.0 = Release|Any CPU
		{0397358C-822A-4CE0-A460-D8AA86BB841C}.Release|x64.ActiveCfg = Release|Any CPU
		{0397358C-822A-4CE0-A460-D8AA86BB841C}.Release|x64.Build.0 = Release|Any CPU
		{0397358C-822A-4CE0-A460-D8AA86BB841C}.Release|x86.ActiveCfg = Release|Any CPU
		{0397358C-822A-4CE0-A460-D8AA86BB841C}.Release|x86.Build.0 = Release|Any CPU
		{7CDF7CB7-E3A0-40BF-8771-CCD69051B507}.Debug|Any CPU.ActiveCfg = Debug|Any CPU
		{7CDF7CB7-E3A0-40BF-8771-CCD69051B507}.Debug|Any CPU.Build.0 = Debug|Any CPU
		{7CDF7CB7-E3A0-40BF-8771-CCD69051B507}.Debug|x64.ActiveCfg = Debug|Any CPU
		{7CDF7CB7-E3A0-40BF-8771-CCD69051B507}.Debug|x64.Build.0 = Debug|Any CPU
		{7CDF7CB7-E3A0-40BF-8771-CCD69051B507}.Debug|x86.ActiveCfg = Debug|Any CPU
		{7CDF7CB7-E3A0-40BF-8771-CCD69051B507}.Debug|x86.Build.0 = Debug|Any CPU
		{7CDF7CB7-E3A0-40BF-8771-CCD69051B507}.Release|Any CPU.ActiveCfg = Release|Any CPU
		{7CDF7CB7-E3A0-40BF-8771-CCD69051B507}.Release|Any CPU.Build.0 = Release|Any CPU
		{7CDF7CB7-E3A0-40BF-8771-CCD69051B507}.Release|x64.ActiveCfg = Release|Any CPU
		{7CDF7CB7-E3A0-40BF-8771-CCD69051B507}.Release|x64.Build.0 = Release|Any CPU
		{7CDF7CB7-E3A0-40BF-8771-CCD69051B507}.Release|x86.ActiveCfg = Release|Any CPU
		{7CDF7CB7-E3A0-40BF-8771-CCD69051B507}.Release|x86.Build.0 = Release|Any CPU
		{F3721B77-41F9-4F42-B914-53BF4EB8A3B9}.Debug|Any CPU.ActiveCfg = Debug|Any CPU
		{F3721B77-41F9-4F42-B914-53BF4EB8A3B9}.Debug|Any CPU.Build.0 = Debug|Any CPU
		{F3721B77-41F9-4F42-B914-53BF4EB8A3B9}.Debug|x64.ActiveCfg = Debug|Any CPU
		{F3721B77-41F9-4F42-B914-53BF4EB8A3B9}.Debug|x64.Build.0 = Debug|Any CPU
		{F3721B77-41F9-4F42-B914-53BF4EB8A3B9}.Debug|x86.ActiveCfg = Debug|Any CPU
		{F3721B77-41F9-4F42-B914-53BF4EB8A3B9}.Debug|x86.Build.0 = Debug|Any CPU
		{F3721B77-41F9-4F42-B914-53BF4EB8A3B9}.Release|Any CPU.ActiveCfg = Release|Any CPU
		{F3721B77-41F9-4F42-B914-53BF4EB8A3B9}.Release|Any CPU.Build.0 = Release|Any CPU
		{F3721B77-41F9-4F42-B914-53BF4EB8A3B9}.Release|x64.ActiveCfg = Release|Any CPU
		{F3721B77-41F9-4F42-B914-53BF4EB8A3B9}.Release|x64.Build.0 = Release|Any CPU
		{F3721B77-41F9-4F42-B914-53BF4EB8A3B9}.Release|x86.ActiveCfg = Release|Any CPU
		{F3721B77-41F9-4F42-B914-53BF4EB8A3B9}.Release|x86.Build.0 = Release|Any CPU
		{AEFB7248-681E-47B2-822B-2CB4D360AF77}.Debug|Any CPU.ActiveCfg = Debug|Any CPU
		{AEFB7248-681E-47B2-822B-2CB4D360AF77}.Debug|Any CPU.Build.0 = Debug|Any CPU
		{AEFB7248-681E-47B2-822B-2CB4D360AF77}.Debug|x64.ActiveCfg = Debug|Any CPU
		{AEFB7248-681E-47B2-822B-2CB4D360AF77}.Debug|x64.Build.0 = Debug|Any CPU
		{AEFB7248-681E-47B2-822B-2CB4D360AF77}.Debug|x86.ActiveCfg = Debug|Any CPU
		{AEFB7248-681E-47B2-822B-2CB4D360AF77}.Debug|x86.Build.0 = Debug|Any CPU
		{AEFB7248-681E-47B2-822B-2CB4D360AF77}.Release|Any CPU.ActiveCfg = Release|Any CPU
		{AEFB7248-681E-47B2-822B-2CB4D360AF77}.Release|Any CPU.Build.0 = Release|Any CPU
		{AEFB7248-681E-47B2-822B-2CB4D360AF77}.Release|x64.ActiveCfg = Release|Any CPU
		{AEFB7248-681E-47B2-822B-2CB4D360AF77}.Release|x64.Build.0 = Release|Any CPU
		{AEFB7248-681E-47B2-822B-2CB4D360AF77}.Release|x86.ActiveCfg = Release|Any CPU
		{AEFB7248-681E-47B2-822B-2CB4D360AF77}.Release|x86.Build.0 = Release|Any CPU
		{233BFE6C-3CE9-47BF-AD8F-C44770CD0995}.Debug|Any CPU.ActiveCfg = Debug|Any CPU
		{233BFE6C-3CE9-47BF-AD8F-C44770CD0995}.Debug|Any CPU.Build.0 = Debug|Any CPU
		{233BFE6C-3CE9-47BF-AD8F-C44770CD0995}.Debug|x64.ActiveCfg = Debug|Any CPU
		{233BFE6C-3CE9-47BF-AD8F-C44770CD0995}.Debug|x64.Build.0 = Debug|Any CPU
		{233BFE6C-3CE9-47BF-AD8F-C44770CD0995}.Debug|x86.ActiveCfg = Debug|Any CPU
		{233BFE6C-3CE9-47BF-AD8F-C44770CD0995}.Debug|x86.Build.0 = Debug|Any CPU
		{233BFE6C-3CE9-47BF-AD8F-C44770CD0995}.Release|Any CPU.ActiveCfg = Release|Any CPU
		{233BFE6C-3CE9-47BF-AD8F-C44770CD0995}.Release|Any CPU.Build.0 = Release|Any CPU
		{233BFE6C-3CE9-47BF-AD8F-C44770CD0995}.Release|x64.ActiveCfg = Release|Any CPU
		{233BFE6C-3CE9-47BF-AD8F-C44770CD0995}.Release|x64.Build.0 = Release|Any CPU
		{233BFE6C-3CE9-47BF-AD8F-C44770CD0995}.Release|x86.ActiveCfg = Release|Any CPU
		{233BFE6C-3CE9-47BF-AD8F-C44770CD0995}.Release|x86.Build.0 = Release|Any CPU
		{F183EBC6-3D4C-4E75-9CBF-3BA460053E36}.Debug|Any CPU.ActiveCfg = Debug|x86
		{F183EBC6-3D4C-4E75-9CBF-3BA460053E36}.Debug|Any CPU.Build.0 = Debug|x86
		{F183EBC6-3D4C-4E75-9CBF-3BA460053E36}.Debug|x64.ActiveCfg = Debug|x64
		{F183EBC6-3D4C-4E75-9CBF-3BA460053E36}.Debug|x64.Build.0 = Debug|x64
		{F183EBC6-3D4C-4E75-9CBF-3BA460053E36}.Debug|x86.ActiveCfg = Debug|x86
		{F183EBC6-3D4C-4E75-9CBF-3BA460053E36}.Debug|x86.Build.0 = Debug|x86
		{F183EBC6-3D4C-4E75-9CBF-3BA460053E36}.Release|Any CPU.ActiveCfg = Release|x86
		{F183EBC6-3D4C-4E75-9CBF-3BA460053E36}.Release|Any CPU.Build.0 = Release|x86
		{F183EBC6-3D4C-4E75-9CBF-3BA460053E36}.Release|x64.ActiveCfg = Release|x64
		{F183EBC6-3D4C-4E75-9CBF-3BA460053E36}.Release|x64.Build.0 = Release|x64
		{F183EBC6-3D4C-4E75-9CBF-3BA460053E36}.Release|x86.ActiveCfg = Release|x86
		{F183EBC6-3D4C-4E75-9CBF-3BA460053E36}.Release|x86.Build.0 = Release|x86
		{61E17566-DC91-406A-9F67-5C6A6B8AF5BB}.Debug|Any CPU.ActiveCfg = Debug|Any CPU
		{61E17566-DC91-406A-9F67-5C6A6B8AF5BB}.Debug|Any CPU.Build.0 = Debug|Any CPU
		{61E17566-DC91-406A-9F67-5C6A6B8AF5BB}.Debug|x64.ActiveCfg = Debug|Any CPU
		{61E17566-DC91-406A-9F67-5C6A6B8AF5BB}.Debug|x64.Build.0 = Debug|Any CPU
		{61E17566-DC91-406A-9F67-5C6A6B8AF5BB}.Debug|x86.ActiveCfg = Debug|Any CPU
		{61E17566-DC91-406A-9F67-5C6A6B8AF5BB}.Debug|x86.Build.0 = Debug|Any CPU
		{61E17566-DC91-406A-9F67-5C6A6B8AF5BB}.Release|Any CPU.ActiveCfg = Release|Any CPU
		{61E17566-DC91-406A-9F67-5C6A6B8AF5BB}.Release|Any CPU.Build.0 = Release|Any CPU
		{61E17566-DC91-406A-9F67-5C6A6B8AF5BB}.Release|x64.ActiveCfg = Release|Any CPU
		{61E17566-DC91-406A-9F67-5C6A6B8AF5BB}.Release|x64.Build.0 = Release|Any CPU
		{61E17566-DC91-406A-9F67-5C6A6B8AF5BB}.Release|x86.ActiveCfg = Release|Any CPU
		{61E17566-DC91-406A-9F67-5C6A6B8AF5BB}.Release|x86.Build.0 = Release|Any CPU
		{4C5D5508-B80B-48E6-A54C-DEEC0C2CD356}.Debug|Any CPU.ActiveCfg = Debug|Any CPU
		{4C5D5508-B80B-48E6-A54C-DEEC0C2CD356}.Debug|Any CPU.Build.0 = Debug|Any CPU
		{4C5D5508-B80B-48E6-A54C-DEEC0C2CD356}.Debug|x64.ActiveCfg = Debug|Any CPU
		{4C5D5508-B80B-48E6-A54C-DEEC0C2CD356}.Debug|x64.Build.0 = Debug|Any CPU
		{4C5D5508-B80B-48E6-A54C-DEEC0C2CD356}.Debug|x86.ActiveCfg = Debug|Any CPU
		{4C5D5508-B80B-48E6-A54C-DEEC0C2CD356}.Debug|x86.Build.0 = Debug|Any CPU
		{4C5D5508-B80B-48E6-A54C-DEEC0C2CD356}.Release|Any CPU.ActiveCfg = Release|Any CPU
		{4C5D5508-B80B-48E6-A54C-DEEC0C2CD356}.Release|Any CPU.Build.0 = Release|Any CPU
		{4C5D5508-B80B-48E6-A54C-DEEC0C2CD356}.Release|x64.ActiveCfg = Release|Any CPU
		{4C5D5508-B80B-48E6-A54C-DEEC0C2CD356}.Release|x64.Build.0 = Release|Any CPU
		{4C5D5508-B80B-48E6-A54C-DEEC0C2CD356}.Release|x86.ActiveCfg = Release|Any CPU
		{4C5D5508-B80B-48E6-A54C-DEEC0C2CD356}.Release|x86.Build.0 = Release|Any CPU
		{0A600382-6F2C-4E57-ACFE-D4194E916789}.Debug|Any CPU.ActiveCfg = Debug|Any CPU
		{0A600382-6F2C-4E57-ACFE-D4194E916789}.Debug|Any CPU.Build.0 = Debug|Any CPU
		{0A600382-6F2C-4E57-ACFE-D4194E916789}.Debug|x64.ActiveCfg = Debug|Any CPU
		{0A600382-6F2C-4E57-ACFE-D4194E916789}.Debug|x64.Build.0 = Debug|Any CPU
		{0A600382-6F2C-4E57-ACFE-D4194E916789}.Debug|x86.ActiveCfg = Debug|Any CPU
		{0A600382-6F2C-4E57-ACFE-D4194E916789}.Debug|x86.Build.0 = Debug|Any CPU
		{0A600382-6F2C-4E57-ACFE-D4194E916789}.Release|Any CPU.ActiveCfg = Release|Any CPU
		{0A600382-6F2C-4E57-ACFE-D4194E916789}.Release|Any CPU.Build.0 = Release|Any CPU
		{0A600382-6F2C-4E57-ACFE-D4194E916789}.Release|x64.ActiveCfg = Release|Any CPU
		{0A600382-6F2C-4E57-ACFE-D4194E916789}.Release|x64.Build.0 = Release|Any CPU
		{0A600382-6F2C-4E57-ACFE-D4194E916789}.Release|x86.ActiveCfg = Release|Any CPU
		{0A600382-6F2C-4E57-ACFE-D4194E916789}.Release|x86.Build.0 = Release|Any CPU
		{2CD86E98-838D-4341-ACCF-EDA2258509FE}.Debug|Any CPU.ActiveCfg = Debug|Any CPU
		{2CD86E98-838D-4341-ACCF-EDA2258509FE}.Debug|Any CPU.Build.0 = Debug|Any CPU
		{2CD86E98-838D-4341-ACCF-EDA2258509FE}.Debug|x64.ActiveCfg = Debug|Any CPU
		{2CD86E98-838D-4341-ACCF-EDA2258509FE}.Debug|x64.Build.0 = Debug|Any CPU
		{2CD86E98-838D-4341-ACCF-EDA2258509FE}.Debug|x86.ActiveCfg = Debug|Any CPU
		{2CD86E98-838D-4341-ACCF-EDA2258509FE}.Debug|x86.Build.0 = Debug|Any CPU
		{2CD86E98-838D-4341-ACCF-EDA2258509FE}.Release|Any CPU.ActiveCfg = Release|Any CPU
		{2CD86E98-838D-4341-ACCF-EDA2258509FE}.Release|Any CPU.Build.0 = Release|Any CPU
		{2CD86E98-838D-4341-ACCF-EDA2258509FE}.Release|x64.ActiveCfg = Release|Any CPU
		{2CD86E98-838D-4341-ACCF-EDA2258509FE}.Release|x64.Build.0 = Release|Any CPU
		{2CD86E98-838D-4341-ACCF-EDA2258509FE}.Release|x86.ActiveCfg = Release|Any CPU
		{2CD86E98-838D-4341-ACCF-EDA2258509FE}.Release|x86.Build.0 = Release|Any CPU
		{C2883B48-FAE1-4884-96E8-A76E1D8EB461}.Debug|Any CPU.ActiveCfg = Debug|Any CPU
		{C2883B48-FAE1-4884-96E8-A76E1D8EB461}.Debug|Any CPU.Build.0 = Debug|Any CPU
		{C2883B48-FAE1-4884-96E8-A76E1D8EB461}.Debug|x64.ActiveCfg = Debug|Any CPU
		{C2883B48-FAE1-4884-96E8-A76E1D8EB461}.Debug|x64.Build.0 = Debug|Any CPU
		{C2883B48-FAE1-4884-96E8-A76E1D8EB461}.Debug|x86.ActiveCfg = Debug|Any CPU
		{C2883B48-FAE1-4884-96E8-A76E1D8EB461}.Debug|x86.Build.0 = Debug|Any CPU
		{C2883B48-FAE1-4884-96E8-A76E1D8EB461}.Release|Any CPU.ActiveCfg = Release|Any CPU
		{C2883B48-FAE1-4884-96E8-A76E1D8EB461}.Release|Any CPU.Build.0 = Release|Any CPU
		{C2883B48-FAE1-4884-96E8-A76E1D8EB461}.Release|x64.ActiveCfg = Release|Any CPU
		{C2883B48-FAE1-4884-96E8-A76E1D8EB461}.Release|x64.Build.0 = Release|Any CPU
		{C2883B48-FAE1-4884-96E8-A76E1D8EB461}.Release|x86.ActiveCfg = Release|Any CPU
		{C2883B48-FAE1-4884-96E8-A76E1D8EB461}.Release|x86.Build.0 = Release|Any CPU
		{19E4E316-8594-4B16-982B-DE8ECFB77175}.Debug|Any CPU.ActiveCfg = Debug|Any CPU
		{19E4E316-8594-4B16-982B-DE8ECFB77175}.Debug|Any CPU.Build.0 = Debug|Any CPU
		{19E4E316-8594-4B16-982B-DE8ECFB77175}.Debug|x64.ActiveCfg = Debug|Any CPU
		{19E4E316-8594-4B16-982B-DE8ECFB77175}.Debug|x64.Build.0 = Debug|Any CPU
		{19E4E316-8594-4B16-982B-DE8ECFB77175}.Debug|x86.ActiveCfg = Debug|Any CPU
		{19E4E316-8594-4B16-982B-DE8ECFB77175}.Debug|x86.Build.0 = Debug|Any CPU
		{19E4E316-8594-4B16-982B-DE8ECFB77175}.Release|Any CPU.ActiveCfg = Release|Any CPU
		{19E4E316-8594-4B16-982B-DE8ECFB77175}.Release|Any CPU.Build.0 = Release|Any CPU
		{19E4E316-8594-4B16-982B-DE8ECFB77175}.Release|x64.ActiveCfg = Release|Any CPU
		{19E4E316-8594-4B16-982B-DE8ECFB77175}.Release|x64.Build.0 = Release|Any CPU
		{19E4E316-8594-4B16-982B-DE8ECFB77175}.Release|x86.ActiveCfg = Release|Any CPU
		{19E4E316-8594-4B16-982B-DE8ECFB77175}.Release|x86.Build.0 = Release|Any CPU
		{741D3ACF-0349-4D8E-8073-4B72D0361E44}.Debug|Any CPU.ActiveCfg = Debug|Any CPU
		{741D3ACF-0349-4D8E-8073-4B72D0361E44}.Debug|Any CPU.Build.0 = Debug|Any CPU
		{741D3ACF-0349-4D8E-8073-4B72D0361E44}.Debug|x64.ActiveCfg = Debug|Any CPU
		{741D3ACF-0349-4D8E-8073-4B72D0361E44}.Debug|x64.Build.0 = Debug|Any CPU
		{741D3ACF-0349-4D8E-8073-4B72D0361E44}.Debug|x86.ActiveCfg = Debug|Any CPU
		{741D3ACF-0349-4D8E-8073-4B72D0361E44}.Debug|x86.Build.0 = Debug|Any CPU
		{741D3ACF-0349-4D8E-8073-4B72D0361E44}.Release|Any CPU.ActiveCfg = Release|Any CPU
		{741D3ACF-0349-4D8E-8073-4B72D0361E44}.Release|Any CPU.Build.0 = Release|Any CPU
		{741D3ACF-0349-4D8E-8073-4B72D0361E44}.Release|x64.ActiveCfg = Release|Any CPU
		{741D3ACF-0349-4D8E-8073-4B72D0361E44}.Release|x64.Build.0 = Release|Any CPU
		{741D3ACF-0349-4D8E-8073-4B72D0361E44}.Release|x86.ActiveCfg = Release|Any CPU
		{741D3ACF-0349-4D8E-8073-4B72D0361E44}.Release|x86.Build.0 = Release|Any CPU
		{B5CC127F-3C6C-4BB2-A72F-66A78D8A0AF5}.Debug|Any CPU.ActiveCfg = Debug|Any CPU
		{B5CC127F-3C6C-4BB2-A72F-66A78D8A0AF5}.Debug|Any CPU.Build.0 = Debug|Any CPU
		{B5CC127F-3C6C-4BB2-A72F-66A78D8A0AF5}.Debug|x64.ActiveCfg = Debug|Any CPU
		{B5CC127F-3C6C-4BB2-A72F-66A78D8A0AF5}.Debug|x64.Build.0 = Debug|Any CPU
		{B5CC127F-3C6C-4BB2-A72F-66A78D8A0AF5}.Debug|x86.ActiveCfg = Debug|Any CPU
		{B5CC127F-3C6C-4BB2-A72F-66A78D8A0AF5}.Debug|x86.Build.0 = Debug|Any CPU
		{B5CC127F-3C6C-4BB2-A72F-66A78D8A0AF5}.Release|Any CPU.ActiveCfg = Release|Any CPU
		{B5CC127F-3C6C-4BB2-A72F-66A78D8A0AF5}.Release|Any CPU.Build.0 = Release|Any CPU
		{B5CC127F-3C6C-4BB2-A72F-66A78D8A0AF5}.Release|x64.ActiveCfg = Release|Any CPU
		{B5CC127F-3C6C-4BB2-A72F-66A78D8A0AF5}.Release|x64.Build.0 = Release|Any CPU
		{B5CC127F-3C6C-4BB2-A72F-66A78D8A0AF5}.Release|x86.ActiveCfg = Release|Any CPU
		{B5CC127F-3C6C-4BB2-A72F-66A78D8A0AF5}.Release|x86.Build.0 = Release|Any CPU
	EndGlobalSection
	GlobalSection(SolutionProperties) = preSolution
		HideSolutionNode = FALSE
	EndGlobalSection
	GlobalSection(NestedProjects) = preSolution
		{56B86F7E-AEA4-4F33-8E79-014510A0CEF6} = {827E0CD3-B72D-47B6-A68D-7590B98EB39B}
		{E4A29B9B-38D0-480C-8440-54A1C6830ACF} = {827E0CD3-B72D-47B6-A68D-7590B98EB39B}
		{0397358C-822A-4CE0-A460-D8AA86BB841C} = {827E0CD3-B72D-47B6-A68D-7590B98EB39B}
		{7CDF7CB7-E3A0-40BF-8771-CCD69051B507} = {827E0CD3-B72D-47B6-A68D-7590B98EB39B}
		{F3721B77-41F9-4F42-B914-53BF4EB8A3B9} = {827E0CD3-B72D-47B6-A68D-7590B98EB39B}
		{AEFB7248-681E-47B2-822B-2CB4D360AF77} = {827E0CD3-B72D-47B6-A68D-7590B98EB39B}
		{233BFE6C-3CE9-47BF-AD8F-C44770CD0995} = {827E0CD3-B72D-47B6-A68D-7590B98EB39B}
		{F183EBC6-3D4C-4E75-9CBF-3BA460053E36} = {827E0CD3-B72D-47B6-A68D-7590B98EB39B}
		{61E17566-DC91-406A-9F67-5C6A6B8AF5BB} = {0AB3BF05-4346-4AA6-1389-037BE0695223}
		{4C5D5508-B80B-48E6-A54C-DEEC0C2CD356} = {0AB3BF05-4346-4AA6-1389-037BE0695223}
		{0A600382-6F2C-4E57-ACFE-D4194E916789} = {0AB3BF05-4346-4AA6-1389-037BE0695223}
		{2CD86E98-838D-4341-ACCF-EDA2258509FE} = {0AB3BF05-4346-4AA6-1389-037BE0695223}
		{C2883B48-FAE1-4884-96E8-A76E1D8EB461} = {0AB3BF05-4346-4AA6-1389-037BE0695223}
		{19E4E316-8594-4B16-982B-DE8ECFB77175} = {0AB3BF05-4346-4AA6-1389-037BE0695223}
		{741D3ACF-0349-4D8E-8073-4B72D0361E44} = {66320409-64EC-F7C5-3DEF-65E7510DAAD1}
		{B5CC127F-3C6C-4BB2-A72F-66A78D8A0AF5} = {0AB3BF05-4346-4AA6-1389-037BE0695223}
	EndGlobalSection
EndGlobal
